// !$*UTF8*$!
{
	archiveVersion = 1;
	classes = {
	};
	objectVersion = 56;
	objects = {

/* Begin PBXBuildFile section */
		D142911B2AABBAA300A21F2A /* Homework_NavigationApp.swift in Sources */ = {isa = PBXBuildFile; fileRef = D142911A2AABBAA300A21F2A /* Homework_NavigationApp.swift */; };
		D142911D2AABBAA300A21F2A /* ContentView.swift in Sources */ = {isa = PBXBuildFile; fileRef = D142911C2AABBAA300A21F2A /* ContentView.swift */; };
		D142911F2AABBAA500A21F2A /* Assets.xcassets in Resources */ = {isa = PBXBuildFile; fileRef = D142911E2AABBAA500A21F2A /* Assets.xcassets */; };
		D14291232AABBAA500A21F2A /* Preview Assets.xcassets in Resources */ = {isa = PBXBuildFile; fileRef = D14291222AABBAA500A21F2A /* Preview Assets.xcassets */; };
		D142912A2AABC01300A21F2A /* PhoneContactsView.swift in Sources */ = {isa = PBXBuildFile; fileRef = D14291292AABC01300A21F2A /* PhoneContactsView.swift */; };
		D142912C2AABC5EC00A21F2A /* FavouritesContactsView.swift in Sources */ = {isa = PBXBuildFile; fileRef = D142912B2AABC5EC00A21F2A /* FavouritesContactsView.swift */; };
		D1F99E472AFABD060084C6A5 /* SettingsView.swift in Sources */ = {isa = PBXBuildFile; fileRef = D1F99E462AFABD060084C6A5 /* SettingsView.swift */; };
		D1F99E492AFAD4FB0084C6A5 /* Route.swift in Sources */ = {isa = PBXBuildFile; fileRef = D1F99E482AFAD4FB0084C6A5 /* Route.swift */; };
		D1F99E4B2AFAE25E0084C6A5 /* LabelView+Representable.swift in Sources */ = {isa = PBXBuildFile; fileRef = D1F99E4A2AFAE25E0084C6A5 /* LabelView+Representable.swift */; };
/* End PBXBuildFile section */

/* Begin PBXFileReference section */
		D14291172AABBAA300A21F2A /* Homework_Navigation.app */ = {isa = PBXFileReference; explicitFileType = wrapper.application; includeInIndex = 0; path = Homework_Navigation.app; sourceTree = BUILT_PRODUCTS_DIR; };
		D142911A2AABBAA300A21F2A /* Homework_NavigationApp.swift */ = {isa = PBXFileReference; lastKnownFileType = sourcecode.swift; path = Homework_NavigationApp.swift; sourceTree = "<group>"; };
		D142911C2AABBAA300A21F2A /* ContentView.swift */ = {isa = PBXFileReference; lastKnownFileType = sourcecode.swift; path = ContentView.swift; sourceTree = "<group>"; };
		D142911E2AABBAA500A21F2A /* Assets.xcassets */ = {isa = PBXFileReference; lastKnownFileType = folder.assetcatalog; path = Assets.xcassets; sourceTree = "<group>"; };
		D14291202AABBAA500A21F2A /* Homework_Navigation.entitlements */ = {isa = PBXFileReference; lastKnownFileType = text.plist.entitlements; path = Homework_Navigation.entitlements; sourceTree = "<group>"; };
		D14291222AABBAA500A21F2A /* Preview Assets.xcassets */ = {isa = PBXFileReference; lastKnownFileType = folder.assetcatalog; path = "Preview Assets.xcassets"; sourceTree = "<group>"; };
		D14291292AABC01300A21F2A /* PhoneContactsView.swift */ = {isa = PBXFileReference; lastKnownFileType = sourcecode.swift; path = PhoneContactsView.swift; sourceTree = "<group>"; };
		D142912B2AABC5EC00A21F2A /* FavouritesContactsView.swift */ = {isa = PBXFileReference; lastKnownFileType = sourcecode.swift; path = FavouritesContactsView.swift; sourceTree = "<group>"; };
		D1F99E462AFABD060084C6A5 /* SettingsView.swift */ = {isa = PBXFileReference; lastKnownFileType = sourcecode.swift; path = SettingsView.swift; sourceTree = "<group>"; };
		D1F99E482AFAD4FB0084C6A5 /* Route.swift */ = {isa = PBXFileReference; lastKnownFileType = sourcecode.swift; path = Route.swift; sourceTree = "<group>"; };
		D1F99E4A2AFAE25E0084C6A5 /* LabelView+Representable.swift */ = {isa = PBXFileReference; lastKnownFileType = sourcecode.swift; path = "LabelView+Representable.swift"; sourceTree = "<group>"; };
/* End PBXFileReference section */

/* Begin PBXFrameworksBuildPhase section */
		D14291142AABBAA300A21F2A /* Frameworks */ = {
			isa = PBXFrameworksBuildPhase;
			buildActionMask = 2147483647;
			files = (
			);
			runOnlyForDeploymentPostprocessing = 0;
		};
/* End PBXFrameworksBuildPhase section */

/* Begin PBXGroup section */
		D142910E2AABBAA300A21F2A = {
			isa = PBXGroup;
			children = (
				D14291192AABBAA300A21F2A /* Homework_Navigation */,
				D14291182AABBAA300A21F2A /* Products */,
			);
			sourceTree = "<group>";
		};
		D14291182AABBAA300A21F2A /* Products */ = {
			isa = PBXGroup;
			children = (
				D14291172AABBAA300A21F2A /* Homework_Navigation.app */,
			);
			name = Products;
			sourceTree = "<group>";
		};
		D14291192AABBAA300A21F2A /* Homework_Navigation */ = {
			isa = PBXGroup;
			children = (
				D1F99E4A2AFAE25E0084C6A5 /* LabelView+Representable.swift */,
				D1F99E482AFAD4FB0084C6A5 /* Route.swift */,
				D142911A2AABBAA300A21F2A /* Homework_NavigationApp.swift */,
				D142911C2AABBAA300A21F2A /* ContentView.swift */,
				D14291292AABC01300A21F2A /* PhoneContactsView.swift */,
				D142912B2AABC5EC00A21F2A /* FavouritesContactsView.swift */,
				D1F99E462AFABD060084C6A5 /* SettingsView.swift */,
				D142911E2AABBAA500A21F2A /* Assets.xcassets */,
				D14291202AABBAA500A21F2A /* Homework_Navigation.entitlements */,
				D14291212AABBAA500A21F2A /* Preview Content */,
			);
			path = Homework_Navigation;
			sourceTree = "<group>";
		};
		D14291212AABBAA500A21F2A /* Preview Content */ = {
			isa = PBXGroup;
			children = (
				D14291222AABBAA500A21F2A /* Preview Assets.xcassets */,
			);
			path = "Preview Content";
			sourceTree = "<group>";
		};
/* End PBXGroup section */

/* Begin PBXNativeTarget section */
		D14291162AABBAA300A21F2A /* Homework_Navigation */ = {
			isa = PBXNativeTarget;
			buildConfigurationList = D14291262AABBAA500A21F2A /* Build configuration list for PBXNativeTarget "Homework_Navigation" */;
			buildPhases = (
				D14291132AABBAA300A21F2A /* Sources */,
				D14291142AABBAA300A21F2A /* Frameworks */,
				D14291152AABBAA300A21F2A /* Resources */,
			);
			buildRules = (
			);
			dependencies = (
			);
			name = Homework_Navigation;
			productName = Homework_Navigation;
			productReference = D14291172AABBAA300A21F2A /* Homework_Navigation.app */;
			productType = "com.apple.product-type.application";
		};
/* End PBXNativeTarget section */

/* Begin PBXProject section */
		D142910F2AABBAA300A21F2A /* Project object */ = {
			isa = PBXProject;
			attributes = {
				BuildIndependentTargetsInParallel = 1;
				LastSwiftUpdateCheck = 1430;
				LastUpgradeCheck = 1430;
				TargetAttributes = {
					D14291162AABBAA300A21F2A = {
						CreatedOnToolsVersion = 14.3.1;
					};
				};
			};
			buildConfigurationList = D14291122AABBAA300A21F2A /* Build configuration list for PBXProject "Homework_Navigation" */;
			compatibilityVersion = "Xcode 14.0";
			developmentRegion = en;
			hasScannedForEncodings = 0;
			knownRegions = (
				en,
				Base,
			);
			mainGroup = D142910E2AABBAA300A21F2A;
			productRefGroup = D14291182AABBAA300A21F2A /* Products */;
			projectDirPath = "";
			projectRoot = "";
			targets = (
				D14291162AABBAA300A21F2A /* Homework_Navigation */,
			);
		};
/* End PBXProject section */

/* Begin PBXResourcesBuildPhase section */
		D14291152AABBAA300A21F2A /* Resources */ = {
			isa = PBXResourcesBuildPhase;
			buildActionMask = 2147483647;
			files = (
				D14291232AABBAA500A21F2A /* Preview Assets.xcassets in Resources */,
				D142911F2AABBAA500A21F2A /* Assets.xcassets in Resources */,
			);
			runOnlyForDeploymentPostprocessing = 0;
		};
/* End PBXResourcesBuildPhase section */

/* Begin PBXSourcesBuildPhase section */
		D14291132AABBAA300A21F2A /* Sources */ = {
			isa = PBXSourcesBuildPhase;
			buildActionMask = 2147483647;
			files = (
				D1F99E472AFABD060084C6A5 /* SettingsView.swift in Sources */,
				D142912A2AABC01300A21F2A /* PhoneContactsView.swift in Sources */,
				D1F99E4B2AFAE25E0084C6A5 /* LabelView+Representable.swift in Sources */,
				D142912C2AABC5EC00A21F2A /* FavouritesContactsView.swift in Sources */,
				D1F99E492AFAD4FB0084C6A5 /* Route.swift in Sources */,
				D142911D2AABBAA300A21F2A /* ContentView.swift in Sources */,
				D142911B2AABBAA300A21F2A /* Homework_NavigationApp.swift in Sources */,
			);
			runOnlyForDeploymentPostprocessing = 0;
		};
/* End PBXSourcesBuildPhase section */

/* Begin XCBuildConfiguration section */
		D14291242AABBAA500A21F2A /* Debug */ = {
			isa = XCBuildConfiguration;
			buildSettings = {
				ALWAYS_SEARCH_USER_PATHS = NO;
				CLANG_ANALYZER_NONNULL = YES;
				CLANG_ANALYZER_NUMBER_OBJECT_CONVERSION = YES_AGGRESSIVE;
				CLANG_CXX_LANGUAGE_STANDARD = "gnu++20";
				CLANG_ENABLE_MODULES = YES;
				CLANG_ENABLE_OBJC_ARC = YES;
				CLANG_ENABLE_OBJC_WEAK = YES;
				CLANG_WARN_BLOCK_CAPTURE_AUTORELEASING = YES;
				CLANG_WARN_BOOL_CONVERSION = YES;
				CLANG_WARN_COMMA = YES;
				CLANG_WARN_CONSTANT_CONVERSION = YES;
				CLANG_WARN_DEPRECATED_OBJC_IMPLEMENTATIONS = YES;
				CLANG_WARN_DIRECT_OBJC_ISA_USAGE = YES_ERROR;
				CLANG_WARN_DOCUMENTATION_COMMENTS = YES;
				CLANG_WARN_EMPTY_BODY = YES;
				CLANG_WARN_ENUM_CONVERSION = YES;
				CLANG_WARN_INFINITE_RECURSION = YES;
				CLANG_WARN_INT_CONVERSION = YES;
				CLANG_WARN_NON_LITERAL_NULL_CONVERSION = YES;
				CLANG_WARN_OBJC_IMPLICIT_RETAIN_SELF = YES;
				CLANG_WARN_OBJC_LITERAL_CONVERSION = YES;
				CLANG_WARN_OBJC_ROOT_CLASS = YES_ERROR;
				CLANG_WARN_QUOTED_INCLUDE_IN_FRAMEWORK_HEADER = YES;
				CLANG_WARN_RANGE_LOOP_ANALYSIS = YES;
				CLANG_WARN_STRICT_PROTOTYPES = YES;
				CLANG_WARN_SUSPICIOUS_MOVE = YES;
				CLANG_WARN_UNGUARDED_AVAILABILITY = YES_AGGRESSIVE;
				CLANG_WARN_UNREACHABLE_CODE = YES;
				CLANG_WARN__DUPLICATE_METHOD_MATCH = YES;
				COPY_PHASE_STRIP = NO;
				DEBUG_INFORMATION_FORMAT = dwarf;
				ENABLE_STRICT_OBJC_MSGSEND = YES;
				ENABLE_TESTABILITY = YES;
				GCC_C_LANGUAGE_STANDARD = gnu11;
				GCC_DYNAMIC_NO_PIC = NO;
				GCC_NO_COMMON_BLOCKS = YES;
				GCC_OPTIMIZATION_LEVEL = 0;
				GCC_PREPROCESSOR_DEFINITIONS = (
					"DEBUG=1",
					"$(inherited)",
				);
				GCC_WARN_64_TO_32_BIT_CONVERSION = YES;
				GCC_WARN_ABOUT_RETURN_TYPE = YES_ERROR;
				GCC_WARN_UNDECLARED_SELECTOR = YES;
				GCC_WARN_UNINITIALIZED_AUTOS = YES_AGGRESSIVE;
				GCC_WARN_UNUSED_FUNCTION = YES;
				GCC_WARN_UNUSED_VARIABLE = YES;
				MTL_ENABLE_DEBUG_INFO = INCLUDE_SOURCE;
				MTL_FAST_MATH = YES;
				ONLY_ACTIVE_ARCH = YES;
				SWIFT_ACTIVE_COMPILATION_CONDITIONS = DEBUG;
				SWIFT_OPTIMIZATION_LEVEL = "-Onone";
			};
			name = Debug;
		};
		D14291252AABBAA500A21F2A /* Release */ = {
			isa = XCBuildConfiguration;
			buildSettings = {
				ALWAYS_SEARCH_USER_PATHS = NO;
				CLANG_ANALYZER_NONNULL = YES;
				CLANG_ANALYZER_NUMBER_OBJECT_CONVERSION = YES_AGGRESSIVE;
				CLANG_CXX_LANGUAGE_STANDARD = "gnu++20";
				CLANG_ENABLE_MODULES = YES;
				CLANG_ENABLE_OBJC_ARC = YES;
				CLANG_ENABLE_OBJC_WEAK = YES;
				CLANG_WARN_BLOCK_CAPTURE_AUTORELEASING = YES;
				CLANG_WARN_BOOL_CONVERSION = YES;
				CLANG_WARN_COMMA = YES;
				CLANG_WARN_CONSTANT_CONVERSION = YES;
				CLANG_WARN_DEPRECATED_OBJC_IMPLEMENTATIONS = YES;
				CLANG_WARN_DIRECT_OBJC_ISA_USAGE = YES_ERROR;
				CLANG_WARN_DOCUMENTATION_COMMENTS = YES;
				CLANG_WARN_EMPTY_BODY = YES;
				CLANG_WARN_ENUM_CONVERSION = YES;
				CLANG_WARN_INFINITE_RECURSION = YES;
				CLANG_WARN_INT_CONVERSION = YES;
				CLANG_WARN_NON_LITERAL_NULL_CONVERSION = YES;
				CLANG_WARN_OBJC_IMPLICIT_RETAIN_SELF = YES;
				CLANG_WARN_OBJC_LITERAL_CONVERSION = YES;
				CLANG_WARN_OBJC_ROOT_CLASS = YES_ERROR;
				CLANG_WARN_QUOTED_INCLUDE_IN_FRAMEWORK_HEADER = YES;
				CLANG_WARN_RANGE_LOOP_ANALYSIS = YES;
				CLANG_WARN_STRICT_PROTOTYPES = YES;
				CLANG_WARN_SUSPICIOUS_MOVE = YES;
				CLANG_WARN_UNGUARDED_AVAILABILITY = YES_AGGRESSIVE;
				CLANG_WARN_UNREACHABLE_CODE = YES;
				CLANG_WARN__DUPLICATE_METHOD_MATCH = YES;
				COPY_PHASE_STRIP = NO;
				DEBUG_INFORMATION_FORMAT = "dwarf-with-dsym";
				ENABLE_NS_ASSERTIONS = NO;
				ENABLE_STRICT_OBJC_MSGSEND = YES;
				GCC_C_LANGUAGE_STANDARD = gnu11;
				GCC_NO_COMMON_BLOCKS = YES;
				GCC_WARN_64_TO_32_BIT_CONVERSION = YES;
				GCC_WARN_ABOUT_RETURN_TYPE = YES_ERROR;
				GCC_WARN_UNDECLARED_SELECTOR = YES;
				GCC_WARN_UNINITIALIZED_AUTOS = YES_AGGRESSIVE;
				GCC_WARN_UNUSED_FUNCTION = YES;
				GCC_WARN_UNUSED_VARIABLE = YES;
				MTL_ENABLE_DEBUG_INFO = NO;
				MTL_FAST_MATH = YES;
				SWIFT_COMPILATION_MODE = wholemodule;
				SWIFT_OPTIMIZATION_LEVEL = "-O";
			};
			name = Release;
		};
		D14291272AABBAA500A21F2A /* Debug */ = {
			isa = XCBuildConfiguration;
			buildSettings = {
				ASSETCATALOG_COMPILER_APPICON_NAME = AppIcon;
				ASSETCATALOG_COMPILER_GLOBAL_ACCENT_COLOR_NAME = AccentColor;
				CODE_SIGN_ENTITLEMENTS = Homework_Navigation/Homework_Navigation.entitlements;
				CODE_SIGN_STYLE = Automatic;
				CURRENT_PROJECT_VERSION = 1;
				DEVELOPMENT_ASSET_PATHS = "\"Homework_Navigation/Preview Content\"";
				DEVELOPMENT_TEAM = GNP4Z7XPRG;
				ENABLE_HARDENED_RUNTIME = YES;
				ENABLE_PREVIEWS = YES;
				GENERATE_INFOPLIST_FILE = YES;
				"INFOPLIST_KEY_UIApplicationSceneManifest_Generation[sdk=iphoneos*]" = YES;
				"INFOPLIST_KEY_UIApplicationSceneManifest_Generation[sdk=iphonesimulator*]" = YES;
				"INFOPLIST_KEY_UIApplicationSupportsIndirectInputEvents[sdk=iphoneos*]" = YES;
				"INFOPLIST_KEY_UIApplicationSupportsIndirectInputEvents[sdk=iphonesimulator*]" = YES;
				"INFOPLIST_KEY_UILaunchScreen_Generation[sdk=iphoneos*]" = YES;
				"INFOPLIST_KEY_UILaunchScreen_Generation[sdk=iphonesimulator*]" = YES;
				"INFOPLIST_KEY_UIStatusBarStyle[sdk=iphoneos*]" = UIStatusBarStyleDefault;
				"INFOPLIST_KEY_UIStatusBarStyle[sdk=iphonesimulator*]" = UIStatusBarStyleDefault;
				INFOPLIST_KEY_UISupportedInterfaceOrientations_iPad = "UIInterfaceOrientationPortrait UIInterfaceOrientationPortraitUpsideDown UIInterfaceOrientationLandscapeLeft UIInterfaceOrientationLandscapeRight";
				INFOPLIST_KEY_UISupportedInterfaceOrientations_iPhone = "UIInterfaceOrientationPortrait UIInterfaceOrientationLandscapeLeft UIInterfaceOrientationLandscapeRight";
				IPHONEOS_DEPLOYMENT_TARGET = 16.4;
				LD_RUNPATH_SEARCH_PATHS = "@executable_path/Frameworks";
				"LD_RUNPATH_SEARCH_PATHS[sdk=macosx*]" = "@executable_path/../Frameworks";
				MACOSX_DEPLOYMENT_TARGET = 13.3;
				MARKETING_VERSION = 1.0;
				PRODUCT_BUNDLE_IDENTIFIER = "LoginovDmitry.Homework-Navigation";
				PRODUCT_NAME = "$(TARGET_NAME)";
				SDKROOT = auto;
				SUPPORTED_PLATFORMS = "iphoneos iphonesimulator macosx";
				SWIFT_EMIT_LOC_STRINGS = YES;
				SWIFT_VERSION = 5.0;
				TARGETED_DEVICE_FAMILY = "1,2";
			};
			name = Debug;
		};
		D14291282AABBAA500A21F2A /* Release */ = {
			isa = XCBuildConfiguration;
			buildSettings = {
				ASSETCATALOG_COMPILER_APPICON_NAME = AppIcon;
				ASSETCATALOG_COMPILER_GLOBAL_ACCENT_COLOR_NAME = AccentColor;
				CODE_SIGN_ENTITLEMENTS = Homework_Navigation/Homework_Navigation.entitlements;
				CODE_SIGN_STYLE = Automatic;
				CURRENT_PROJECT_VERSION = 1;
				DEVELOPMENT_ASSET_PATHS = "\"Homework_Navigation/Preview Content\"";
				DEVELOPMENT_TEAM = GNP4Z7XPRG;
				ENABLE_HARDENED_RUNTIME = YES;
				ENABLE_PREVIEWS = YES;
				GENERATE_INFOPLIST_FILE = YES;
				"INFOPLIST_KEY_UIApplicationSceneManifest_Generation[sdk=iphoneos*]" = YES;
				"INFOPLIST_KEY_UIApplicationSceneManifest_Generation[sdk=iphonesimulator*]" = YES;
				"INFOPLIST_KEY_UIApplicationSupportsIndirectInputEvents[sdk=iphoneos*]" = YES;
				"INFOPLIST_KEY_UIApplicationSupportsIndirectInputEvents[sdk=iphonesimulator*]" = YES;
				"INFOPLIST_KEY_UILaunchScreen_Generation[sdk=iphoneos*]" = YES;
				"INFOPLIST_KEY_UILaunchScreen_Generation[sdk=iphonesimulator*]" = YES;
				"INFOPLIST_KEY_UIStatusBarStyle[sdk=iphoneos*]" = UIStatusBarStyleDefault;
				"INFOPLIST_KEY_UIStatusBarStyle[sdk=iphonesimulator*]" = UIStatusBarStyleDefault;
				INFOPLIST_KEY_UISupportedInterfaceOrientations_iPad = "UIInterfaceOrientationPortrait UIInterfaceOrientationPortraitUpsideDown UIInterfaceOrientationLandscapeLeft UIInterfaceOrientationLandscapeRight";
				INFOPLIST_KEY_UISupportedInterfaceOrientations_iPhone = "UIInterfaceOrientationPortrait UIInterfaceOrientationLandscapeLeft UIInterfaceOrientationLandscapeRight";
				IPHONEOS_DEPLOYMENT_TARGET = 16.4;
				LD_RUNPATH_SEARCH_PATHS = "@executable_path/Frameworks";
				"LD_RUNPATH_SEARCH_PATHS[sdk=macosx*]" = "@executable_path/../Frameworks";
				MACOSX_DEPLOYMENT_TARGET = 13.3;
				MARKETING_VERSION = 1.0;
				PRODUCT_BUNDLE_IDENTIFIER = "LoginovDmitry.Homework-Navigation";
				PRODUCT_NAME = "$(TARGET_NAME)";
				SDKROOT = auto;
				SUPPORTED_PLATFORMS = "iphoneos iphonesimulator macosx";
				SWIFT_EMIT_LOC_STRINGS = YES;
				SWIFT_VERSION = 5.0;
				TARGETED_DEVICE_FAMILY = "1,2";
			};
			name = Release;
		};
/* End XCBuildConfiguration section */

/* Begin XCConfigurationList section */
		D14291122AABBAA300A21F2A /* Build configuration list for PBXProject "Homework_Navigation" */ = {
			isa = XCConfigurationList;
			buildConfigurations = (
				D14291242AABBAA500A21F2A /* Debug */,
				D14291252AABBAA500A21F2A /* Release */,
			);
			defaultConfigurationIsVisible = 0;
			defaultConfigurationName = Release;
		};
		D14291262AABBAA500A21F2A /* Build configuration list for PBXNativeTarget "Homework_Navigation" */ = {
			isa = XCConfigurationList;
			buildConfigurations = (
				D14291272AABBAA500A21F2A /* Debug */,
				D14291282AABBAA500A21F2A /* Release */,
			);
			defaultConfigurationIsVisible = 0;
			defaultConfigurationName = Release;
		};
/* End XCConfigurationList section */
	};
	rootObject = D142910F2AABBAA300A21F2A /* Project object */;
}
